
Microsoft Visual Studio Solution File, Format Version 12.00
# Visual Studio Version 17
VisualStudioVersion = 17.4.33103.184
MinimumVisualStudioVersion = 10.0.40219.1
Project("{FAE04EC0-301F-11D3-BF4B-00C04F79EFBC}") = "updater test", "updater test.csproj", "{7947BA18-5CD6-4BF0-83A6-EB9470760587}"
EndProject
Global
	GlobalSection(SolutionConfigurationPlatforms) = preSolution
		Debug|Any CPU = Debug|Any CPU
		Release|Any CPU = Release|Any CPU
	EndGlobalSection
	GlobalSection(ProjectConfigurationPlatforms) = postSolution
		{7947BA18-5CD6-4BF0-83A6-EB9470760587}.Debug|Any CPU.ActiveCfg = Debug|Any CPU
		{7947BA18-5CD6-4BF0-83A6-EB9470760587}.Debug|Any CPU.Build.0 = Debug|Any CPU
		{7947BA18-5CD6-4BF0-83A6-EB9470760587}.Release|Any CPU.ActiveCfg = Release|Any CPU
		{7947BA18-5CD6-4BF0-83A6-EB9470760587}.Release|Any CPU.Build.0 = Release|Any CPU
	EndGlobalSection
	GlobalSection(SolutionProperties) = preSolution
		HideSolutionNode = FALSE
	EndGlobalSection
	GlobalSection(ExtensibilityGlobals) = postSolution
		SolutionGuid = {5E55E4CB-A433-4EE7-A7DC-91E722361E94}
	EndGlobalSection
EndGlobal
